
Microsoft Visual Studio Solution File, Format Version 12.00
# Visual Studio Version 17
VisualStudioVersion = 17.13.35931.197 d17.13
MinimumVisualStudioVersion = 10.0.40219.1
Project("{FAE04EC0-301F-11D3-BF4B-00C04F79EFBC}") = "Projetize.Api", "Projetize.Api.csproj", "{B93E5CFC-65BB-4A2A-BA2F-4BAE065AE4FF}"
EndProject
Global
	GlobalSection(SolutionConfigurationPlatforms) = preSolution
		Debug|Any CPU = Debug|Any CPU
		Release|Any CPU = Release|Any CPU
	EndGlobalSection
	GlobalSection(ProjectConfigurationPlatforms) = postSolution
		{B93E5CFC-65BB-4A2A-BA2F-4BAE065AE4FF}.Debug|Any CPU.ActiveCfg = Debug|Any CPU
		{B93E5CFC-65BB-4A2A-BA2F-4BAE065AE4FF}.Debug|Any CPU.Build.0 = Debug|Any CPU
		{B93E5CFC-65BB-4A2A-BA2F-4BAE065AE4FF}.Release|Any CPU.ActiveCfg = Release|Any CPU
		{B93E5CFC-65BB-4A2A-BA2F-4BAE065AE4FF}.Release|Any CPU.Build.0 = Release|Any CPU
	EndGlobalSection
	GlobalSection(SolutionProperties) = preSolution
		HideSolutionNode = FALSE
	EndGlobalSection
	GlobalSection(ExtensibilityGlobals) = postSolution
		SolutionGuid = {0FB3AD63-8AD4-4A39-81D6-2AD619B12E3D}
	EndGlobalSection
EndGlobal
